
Microsoft Visual Studio Solution File, Format Version 12.00
# Visual Studio Version 17
VisualStudioVersion = 17.6.33723.286
MinimumVisualStudioVersion = 10.0.40219.1
Project("{FAE04EC0-301F-11D3-BF4B-00C04F79EFBC}") = "ConsoleApp3", "ConsoleApp3\ConsoleApp3.csproj", "{C0E12A74-86F9-4C14-8F87-C9CCA430BB3D}"
EndProject
Global
	GlobalSection(SolutionConfigurationPlatforms) = preSolution
		Debug|Any CPU = Debug|Any CPU
		Release|Any CPU = Release|Any CPU
	EndGlobalSection
	GlobalSection(ProjectConfigurationPlatforms) = postSolution
		{C0E12A74-86F9-4C14-8F87-C9CCA430BB3D}.Debug|Any CPU.ActiveCfg = Debug|Any CPU
		{C0E12A74-86F9-4C14-8F87-C9CCA430BB3D}.Debug|Any CPU.Build.0 = Debug|Any CPU
		{C0E12A74-86F9-4C14-8F87-C9CCA430BB3D}.Release|Any CPU.ActiveCfg = Release|Any CPU
		{C0E12A74-86F9-4C14-8F87-C9CCA430BB3D}.Release|Any CPU.Build.0 = Release|Any CPU
	EndGlobalSection
	GlobalSection(SolutionProperties) = preSolution
		HideSolutionNode = FALSE
	EndGlobalSection
	GlobalSection(ExtensibilityGlobals) = postSolution
		SolutionGuid = {E3B34544-257D-43A2-97A3-5C95BFE9A5D5}
	EndGlobalSection
EndGlobal
